
Microsoft Visual Studio Solution File, Format Version 12.00
# Visual Studio Version 17
VisualStudioVersion = 17.11.35219.272
MinimumVisualStudioVersion = 10.0.40219.1
Project("{FAE04EC0-301F-11D3-BF4B-00C04F79EFBC}") = "lyricsSong", "lyricsSong\lyricsSong.csproj", "{843A554D-BEB2-4C62-9C01-D295AE549697}"
EndProject
Global
	GlobalSection(SolutionConfigurationPlatforms) = preSolution
		Debug|Any CPU = Debug|Any CPU
		Release|Any CPU = Release|Any CPU
	EndGlobalSection
	GlobalSection(ProjectConfigurationPlatforms) = postSolution
		{843A554D-BEB2-4C62-9C01-D295AE549697}.Debug|Any CPU.ActiveCfg = Debug|Any CPU
		{843A554D-BEB2-4C62-9C01-D295AE549697}.Debug|Any CPU.Build.0 = Debug|Any CPU
		{843A554D-BEB2-4C62-9C01-D295AE549697}.Release|Any CPU.ActiveCfg = Release|Any CPU
		{843A554D-BEB2-4C62-9C01-D295AE549697}.Release|Any CPU.Build.0 = Release|Any CPU
	EndGlobalSection
	GlobalSection(SolutionProperties) = preSolution
		HideSolutionNode = FALSE
	EndGlobalSection
	GlobalSection(ExtensibilityGlobals) = postSolution
		SolutionGuid = {5E1708E4-29AB-4235-9E3B-369502855D12}
	EndGlobalSection
EndGlobal
